
Microsoft Visual Studio Solution File, Format Version 12.00
# Visual Studio Version 17
VisualStudioVersion = 17.11.35222.181
MinimumVisualStudioVersion = 10.0.40219.1
Project("{9A19103F-16F7-4668-BE54-9A1E7A4F7556}") = "lifetime-studio", "lifetime-studio\lifetime-studio.csproj", "{A6AAF9E3-FF76-47D6-828B-D0080F13408E}"
EndProject
Project("{9A19103F-16F7-4668-BE54-9A1E7A4F7556}") = "liblifetime", "lifetime\liblifetime\liblifetime.csproj", "{2205B74C-DF4F-436C-95D7-B1DDC2450BA3}"
EndProject
Global
	GlobalSection(SolutionConfigurationPlatforms) = preSolution
		Debug|Any CPU = Debug|Any CPU
		Release|Any CPU = Release|Any CPU
	EndGlobalSection
	GlobalSection(ProjectConfigurationPlatforms) = postSolution
		{A6AAF9E3-FF76-47D6-828B-D0080F13408E}.Debug|Any CPU.ActiveCfg = Debug|Any CPU
		{A6AAF9E3-FF76-47D6-828B-D0080F13408E}.Debug|Any CPU.Build.0 = Debug|Any CPU
		{A6AAF9E3-FF76-47D6-828B-D0080F13408E}.Release|Any CPU.ActiveCfg = Release|Any CPU
		{A6AAF9E3-FF76-47D6-828B-D0080F13408E}.Release|Any CPU.Build.0 = Release|Any CPU
		{2205B74C-DF4F-436C-95D7-B1DDC2450BA3}.Debug|Any CPU.ActiveCfg = Debug|Any CPU
		{2205B74C-DF4F-436C-95D7-B1DDC2450BA3}.Debug|Any CPU.Build.0 = Debug|Any CPU
		{2205B74C-DF4F-436C-95D7-B1DDC2450BA3}.Release|Any CPU.ActiveCfg = Release|Any CPU
		{2205B74C-DF4F-436C-95D7-B1DDC2450BA3}.Release|Any CPU.Build.0 = Release|Any CPU
	EndGlobalSection
	GlobalSection(SolutionProperties) = preSolution
		HideSolutionNode = FALSE
	EndGlobalSection
	GlobalSection(ExtensibilityGlobals) = postSolution
		SolutionGuid = {58DF787F-4DF0-4753-ABBE-B5224AAA2F73}
	EndGlobalSection
EndGlobal
